last_project_hash: 95459dcb462478779ba7eb9edfb6ead70ef9cdfb-dirty-f57f9bede2095a2e888852b294d65076
managed_docs:
- doc_path: readme.md
  tracking_type: project
  source_refs:
  - .
  last_source_hash: 95459dcb462478779ba7eb9edfb6ead70ef9cdfb-dirty-f57f9bede2095a2e888852b294d65076
  updated_at: '2026-03-21T18:00:38.641194'
- doc_path: docs\config.md
  tracking_type: project
  source_refs:
  - .
  last_source_hash: 95459dcb462478779ba7eb9edfb6ead70ef9cdfb-dirty-f57f9bede2095a2e888852b294d65076
  updated_at: '2026-03-21T18:00:38.910870'
- doc_path: docs\usage.md
  tracking_type: project
  source_refs:
  - .
  last_source_hash: 95459dcb462478779ba7eb9edfb6ead70ef9cdfb-dirty-f57f9bede2095a2e888852b294d65076
  updated_at: '2026-03-21T18:00:39.162855'
