last_project_hash: 30b29697e3945c0fc3011132ca3a97b600730fee-dirty-8aa4ca6468e8a88467a2a02b25da69a3
managed_docs:
- doc_path: readme.md
  tracking_type: project
  source_refs:
  - .
  last_source_hash: 30b29697e3945c0fc3011132ca3a97b600730fee-dirty-8aa4ca6468e8a88467a2a02b25da69a3
  updated_at: '2026-03-25T02:45:20.025344'
- doc_path: docs/config.md
  tracking_type: project
  source_refs:
  - .
  last_source_hash: 30b29697e3945c0fc3011132ca3a97b600730fee-dirty-8aa4ca6468e8a88467a2a02b25da69a3
  updated_at: '2026-03-25T02:45:20.074656'
- doc_path: docs/usage.md
  tracking_type: project
  source_refs:
  - .
  last_source_hash: 30b29697e3945c0fc3011132ca3a97b600730fee-dirty-8aa4ca6468e8a88467a2a02b25da69a3
  updated_at: '2026-03-25T02:45:20.092936'
